
Microsoft Visual Studio Solution File, Format Version 12.00
# Visual Studio Version 16
VisualStudioVersion = 16.0.29411.108
MinimumVisualStudioVersion = 10.0.40219.1
Project("{9A19103F-16F7-4668-BE54-9A1E7A4F7556}") = "SFA.DAS.ProviderRegistrations", "SFA.DAS.ProviderRegistrations\SFA.DAS.ProviderRegistrations.csproj", "{6AF70788-95D5-428E-BCBB-60C74D22FE49}"
EndProject
Project("{9A19103F-16F7-4668-BE54-9A1E7A4F7556}") = "SFA.DAS.ProviderRegistrations.Web", "SFA.DAS.ProviderRegistrations.Web\SFA.DAS.ProviderRegistrations.Web.csproj", "{8DF0AD27-6E92-4A28-BC19-BCD01B36285E}"
EndProject
Project("{00D1A9C2-B5F0-4AF3-8072-F6C62B433612}") = "SFA.DAS.ProviderRegistrations.Database", "SFA.DAS.ProviderRegistrations.Database\SFA.DAS.ProviderRegistrations.Database.sqlproj", "{64FCDDF9-80FC-4AA7-B96C-78D041B8995A}"
EndProject
Project("{9A19103F-16F7-4668-BE54-9A1E7A4F7556}") = "SFA.DAS.ProviderRegistrations.Api", "SFA.DAS.ProviderRegistrations.Api\SFA.DAS.ProviderRegistrations.Api.csproj", "{BE9FC066-01D5-4043-BA2B-BC69226AACB7}"
EndProject
Project("{2150E333-8FDC-42A3-9474-1A3956D46DE8}") = "Tests", "Tests", "{19E06B1E-E0DB-4E2C-BF31-DD913A77B50E}"
EndProject
Project("{9A19103F-16F7-4668-BE54-9A1E7A4F7556}") = "SFA.DAS.ProviderRegistrations.UnitTests", "SFA.DAS.ProviderRegistrations.UnitTests\SFA.DAS.ProviderRegistrations.UnitTests.csproj", "{DEAB961F-A4E3-476F-82C4-3DA53803E2FA}"
EndProject
Project("{9A19103F-16F7-4668-BE54-9A1E7A4F7556}") = "SFA.DAS.ProviderRegistrations.Web.UnitTests", "SFA.DAS.ProviderRegistrations.Web.UnitTests\SFA.DAS.ProviderRegistrations.Web.UnitTests.csproj", "{FB89B0F8-AF5D-4DC9-A267-00DF4C73C284}"
EndProject
Project("{9A19103F-16F7-4668-BE54-9A1E7A4F7556}") = "SFA.DAS.ProviderRegistrations.Api.UnitTests", "SFA.DAS.ProviderRegistrations.Api.UnitTests\SFA.DAS.ProviderRegistrations.Api.UnitTests.csproj", "{9F5479F7-D629-4D42-B7F9-73F375865E6C}"
EndProject
Project("{9A19103F-16F7-4668-BE54-9A1E7A4F7556}") = "SFA.DAS.ProviderRegistrations.MessageHandlers", "SFA.DAS.ProviderRegistrations.MessageHandlers\SFA.DAS.ProviderRegistrations.MessageHandlers.csproj", "{A5AA02E9-7936-4FA0-8414-D1867EA46577}"
EndProject
Project("{9A19103F-16F7-4668-BE54-9A1E7A4F7556}") = "SFA.DAS.ProviderRegistrations.Messages", "SFA.DAS.ProviderRegistrations.Messages\SFA.DAS.ProviderRegistrations.Messages.csproj", "{6C92EF40-BFE4-4E7D-AAC4-E2509EC9279D}"
EndProject
Project("{9A19103F-16F7-4668-BE54-9A1E7A4F7556}") = "SFA.DAS.ProviderRegistrations.MessageHandlers.UnitTests", "SFA.DAS.ProviderRegistrations.MessageHandlers.UnitTests\SFA.DAS.ProviderRegistrations.MessageHandlers.UnitTests.csproj", "{829E019D-5D0B-4589-9B8D-071C7169360D}"
EndProject
Project("{FAE04EC0-301F-11D3-BF4B-00C04F79EFBC}") = "SFA.DAS.ProviderRegistrations.MessageHandlers.TestHarness", "SFA.DAS.ProviderRegistrations.MessageHandlers.TestHarness\SFA.DAS.ProviderRegistrations.MessageHandlers.TestHarness.csproj", "{B7323636-059B-465A-9529-93E409A70158}"
EndProject
Global
	GlobalSection(SolutionConfigurationPlatforms) = preSolution
		Debug|Any CPU = Debug|Any CPU
		Release|Any CPU = Release|Any CPU
	EndGlobalSection
	GlobalSection(ProjectConfigurationPlatforms) = postSolution
		{6AF70788-95D5-428E-BCBB-60C74D22FE49}.Debug|Any CPU.ActiveCfg = Debug|Any CPU
		{6AF70788-95D5-428E-BCBB-60C74D22FE49}.Debug|Any CPU.Build.0 = Debug|Any CPU
		{6AF70788-95D5-428E-BCBB-60C74D22FE49}.Release|Any CPU.ActiveCfg = Release|Any CPU
		{6AF70788-95D5-428E-BCBB-60C74D22FE49}.Release|Any CPU.Build.0 = Release|Any CPU
		{8DF0AD27-6E92-4A28-BC19-BCD01B36285E}.Debug|Any CPU.ActiveCfg = Debug|Any CPU
		{8DF0AD27-6E92-4A28-BC19-BCD01B36285E}.Debug|Any CPU.Build.0 = Debug|Any CPU
		{8DF0AD27-6E92-4A28-BC19-BCD01B36285E}.Release|Any CPU.ActiveCfg = Release|Any CPU
		{8DF0AD27-6E92-4A28-BC19-BCD01B36285E}.Release|Any CPU.Build.0 = Release|Any CPU
		{64FCDDF9-80FC-4AA7-B96C-78D041B8995A}.Debug|Any CPU.ActiveCfg = Debug|Any CPU
		{64FCDDF9-80FC-4AA7-B96C-78D041B8995A}.Debug|Any CPU.Build.0 = Debug|Any CPU
		{64FCDDF9-80FC-4AA7-B96C-78D041B8995A}.Debug|Any CPU.Deploy.0 = Debug|Any CPU
		{64FCDDF9-80FC-4AA7-B96C-78D041B8995A}.Release|Any CPU.ActiveCfg = Release|Any CPU
		{64FCDDF9-80FC-4AA7-B96C-78D041B8995A}.Release|Any CPU.Build.0 = Release|Any CPU
		{64FCDDF9-80FC-4AA7-B96C-78D041B8995A}.Release|Any CPU.Deploy.0 = Release|Any CPU
		{BE9FC066-01D5-4043-BA2B-BC69226AACB7}.Debug|Any CPU.ActiveCfg = Debug|Any CPU
		{BE9FC066-01D5-4043-BA2B-BC69226AACB7}.Debug|Any CPU.Build.0 = Debug|Any CPU
		{BE9FC066-01D5-4043-BA2B-BC69226AACB7}.Release|Any CPU.ActiveCfg = Release|Any CPU
		{BE9FC066-01D5-4043-BA2B-BC69226AACB7}.Release|Any CPU.Build.0 = Release|Any CPU
		{DEAB961F-A4E3-476F-82C4-3DA53803E2FA}.Debug|Any CPU.ActiveCfg = Debug|Any CPU
		{DEAB961F-A4E3-476F-82C4-3DA53803E2FA}.Debug|Any CPU.Build.0 = Debug|Any CPU
		{DEAB961F-A4E3-476F-82C4-3DA53803E2FA}.Release|Any CPU.ActiveCfg = Release|Any CPU
		{DEAB961F-A4E3-476F-82C4-3DA53803E2FA}.Release|Any CPU.Build.0 = Release|Any CPU
		{FB89B0F8-AF5D-4DC9-A267-00DF4C73C284}.Debug|Any CPU.ActiveCfg = Debug|Any CPU
		{FB89B0F8-AF5D-4DC9-A267-00DF4C73C284}.Debug|Any CPU.Build.0 = Debug|Any CPU
		{FB89B0F8-AF5D-4DC9-A267-00DF4C73C284}.Release|Any CPU.ActiveCfg = Release|Any CPU
		{FB89B0F8-AF5D-4DC9-A267-00DF4C73C284}.Release|Any CPU.Build.0 = Release|Any CPU
		{9F5479F7-D629-4D42-B7F9-73F375865E6C}.Debug|Any CPU.ActiveCfg = Debug|Any CPU
		{9F5479F7-D629-4D42-B7F9-73F375865E6C}.Debug|Any CPU.Build.0 = Debug|Any CPU
		{9F5479F7-D629-4D42-B7F9-73F375865E6C}.Release|Any CPU.ActiveCfg = Release|Any CPU
		{9F5479F7-D629-4D42-B7F9-73F375865E6C}.Release|Any CPU.Build.0 = Release|Any CPU
		{A5AA02E9-7936-4FA0-8414-D1867EA46577}.Debug|Any CPU.ActiveCfg = Debug|Any CPU
		{A5AA02E9-7936-4FA0-8414-D1867EA46577}.Debug|Any CPU.Build.0 = Debug|Any CPU
		{A5AA02E9-7936-4FA0-8414-D1867EA46577}.Release|Any CPU.ActiveCfg = Release|Any CPU
		{A5AA02E9-7936-4FA0-8414-D1867EA46577}.Release|Any CPU.Build.0 = Release|Any CPU
		{6C92EF40-BFE4-4E7D-AAC4-E2509EC9279D}.Debug|Any CPU.ActiveCfg = Debug|Any CPU
		{6C92EF40-BFE4-4E7D-AAC4-E2509EC9279D}.Debug|Any CPU.Build.0 = Debug|Any CPU
		{6C92EF40-BFE4-4E7D-AAC4-E2509EC9279D}.Release|Any CPU.ActiveCfg = Release|Any CPU
		{6C92EF40-BFE4-4E7D-AAC4-E2509EC9279D}.Release|Any CPU.Build.0 = Release|Any CPU
		{829E019D-5D0B-4589-9B8D-071C7169360D}.Debug|Any CPU.ActiveCfg = Debug|Any CPU
		{829E019D-5D0B-4589-9B8D-071C7169360D}.Debug|Any CPU.Build.0 = Debug|Any CPU
		{829E019D-5D0B-4589-9B8D-071C7169360D}.Release|Any CPU.ActiveCfg = Release|Any CPU
		{829E019D-5D0B-4589-9B8D-071C7169360D}.Release|Any CPU.Build.0 = Release|Any CPU
		{B7323636-059B-465A-9529-93E409A70158}.Debug|Any CPU.ActiveCfg = Debug|Any CPU
		{B7323636-059B-465A-9529-93E409A70158}.Debug|Any CPU.Build.0 = Debug|Any CPU
		{B7323636-059B-465A-9529-93E409A70158}.Release|Any CPU.ActiveCfg = Release|Any CPU
		{B7323636-059B-465A-9529-93E409A70158}.Release|Any CPU.Build.0 = Release|Any CPU
	EndGlobalSection
	GlobalSection(SolutionProperties) = preSolution
		HideSolutionNode = FALSE
	EndGlobalSection
	GlobalSection(NestedProjects) = preSolution
		{DEAB961F-A4E3-476F-82C4-3DA53803E2FA} = {19E06B1E-E0DB-4E2C-BF31-DD913A77B50E}
		{FB89B0F8-AF5D-4DC9-A267-00DF4C73C284} = {19E06B1E-E0DB-4E2C-BF31-DD913A77B50E}
		{9F5479F7-D629-4D42-B7F9-73F375865E6C} = {19E06B1E-E0DB-4E2C-BF31-DD913A77B50E}
		{829E019D-5D0B-4589-9B8D-071C7169360D} = {19E06B1E-E0DB-4E2C-BF31-DD913A77B50E}
		{B7323636-059B-465A-9529-93E409A70158} = {19E06B1E-E0DB-4E2C-BF31-DD913A77B50E}
	EndGlobalSection
	GlobalSection(ExtensibilityGlobals) = postSolution
		SolutionGuid = {7EFBE13C-28FB-4461-A1CB-748A899825D3}
	EndGlobalSection
EndGlobal
